
Microsoft Visual Studio Solution File, Format Version 12.00
# Visual Studio Version 17
VisualStudioVersion = 17.5.33530.505
MinimumVisualStudioVersion = 10.0.40219.1
Project("{9A19103F-16F7-4668-BE54-9A1E7A4F7556}") = "Hotspot", "Hotspot\Hotspot.csproj", "{A402F938-0776-44E0-A3DA-610905FD9AB1}"
EndProject
Project("{9A19103F-16F7-4668-BE54-9A1E7A4F7556}") = "Hotspot.Model", "Hotspot.Model\Hotspot.Model.csproj", "{6329D866-3BA5-4D9E-9D3F-9A8420467FBE}"
EndProject
Project("{9A19103F-16F7-4668-BE54-9A1E7A4F7556}") = "Hotspot.Services", "Hotspot.Services\Hotspot.Services.csproj", "{2D689E3E-B267-4B72-A1DB-CDE4F939AD2C}"
EndProject
Project("{9A19103F-16F7-4668-BE54-9A1E7A4F7556}") = "Hotspot.Tools", "Hotspot.Tools\Hotspot.Tools.csproj", "{98583A75-C64E-4477-ACBB-22BB5DAB1055}"
EndProject
Project("{2150E333-8FDC-42A3-9474-1A3956D46DE8}") = "Solution Items", "Solution Items", "{4A414DB4-FF2A-4869-8515-B51B94F08A4C}"
	ProjectSection(SolutionItems) = preProject
		README.md = README.md
	EndProjectSection
EndProject
Global
	GlobalSection(SolutionConfigurationPlatforms) = preSolution
		Debug|Any CPU = Debug|Any CPU
		Release|Any CPU = Release|Any CPU
	EndGlobalSection
	GlobalSection(ProjectConfigurationPlatforms) = postSolution
		{A402F938-0776-44E0-A3DA-610905FD9AB1}.Debug|Any CPU.ActiveCfg = Debug|Any CPU
		{A402F938-0776-44E0-A3DA-610905FD9AB1}.Debug|Any CPU.Build.0 = Debug|Any CPU
		{A402F938-0776-44E0-A3DA-610905FD9AB1}.Release|Any CPU.ActiveCfg = Release|Any CPU
		{A402F938-0776-44E0-A3DA-610905FD9AB1}.Release|Any CPU.Build.0 = Release|Any CPU
		{6329D866-3BA5-4D9E-9D3F-9A8420467FBE}.Debug|Any CPU.ActiveCfg = Debug|Any CPU
		{6329D866-3BA5-4D9E-9D3F-9A8420467FBE}.Debug|Any CPU.Build.0 = Debug|Any CPU
		{6329D866-3BA5-4D9E-9D3F-9A8420467FBE}.Release|Any CPU.ActiveCfg = Release|Any CPU
		{6329D866-3BA5-4D9E-9D3F-9A8420467FBE}.Release|Any CPU.Build.0 = Release|Any CPU
		{2D689E3E-B267-4B72-A1DB-CDE4F939AD2C}.Debug|Any CPU.ActiveCfg = Debug|Any CPU
		{2D689E3E-B267-4B72-A1DB-CDE4F939AD2C}.Debug|Any CPU.Build.0 = Debug|Any CPU
		{2D689E3E-B267-4B72-A1DB-CDE4F939AD2C}.Release|Any CPU.ActiveCfg = Release|Any CPU
		{2D689E3E-B267-4B72-A1DB-CDE4F939AD2C}.Release|Any CPU.Build.0 = Release|Any CPU
		{98583A75-C64E-4477-ACBB-22BB5DAB1055}.Debug|Any CPU.ActiveCfg = Debug|Any CPU
		{98583A75-C64E-4477-ACBB-22BB5DAB1055}.Debug|Any CPU.Build.0 = Debug|Any CPU
		{98583A75-C64E-4477-ACBB-22BB5DAB1055}.Release|Any CPU.ActiveCfg = Release|Any CPU
		{98583A75-C64E-4477-ACBB-22BB5DAB1055}.Release|Any CPU.Build.0 = Release|Any CPU
	EndGlobalSection
	GlobalSection(SolutionProperties) = preSolution
		HideSolutionNode = FALSE
	EndGlobalSection
	GlobalSection(ExtensibilityGlobals) = postSolution
		SolutionGuid = {FCB048D8-EF8B-48B2-B954-28FA25A920FA}
	EndGlobalSection
EndGlobal
